{
  "name": "tanstack-validation-state-workaround",
  "version": "0.1.0",
  "lockfileVersion": 3,
  "requires": true,
  "packages": {
    "": {
      "name": "tanstack-validation-state-workaround",
      "version": "0.1.0",
      "dependencies": {
        "@tanstack/form-core": "1.33.5"
      }
    },
    "node_modules/@tanstack/devtools-event-client": {
      "version": "0.4.4",
      "resolved": "https://registry.npmjs.org/@tanstack/devtools-event-client/-/devtools-event-client-0.4.4.tgz",
      "integrity": "sha512-6T5Yop/793YI+H+5J8Hsyj4kCih9sl4t3ElLgKioW5hk3ocn+ZdSJ94tT7vL7uabxSugWYBZlOTMPzEw2puvQw==",
      "bin": {
        "intent": "bin/intent.js"
      },
      "engines": {
        "node": ">=18"
      },
      "funding": {
        "type": "github",
        "url": "https://github.com/sponsors/tannerlinsley"
      }
    },
    "node_modules/@tanstack/form-core": {
      "version": "1.33.5",
      "resolved": "https://registry.npmjs.org/@tanstack/form-core/-/form-core-1.33.5.tgz",
      "integrity": "sha512-3dfx9MBP0aq5sXKteikG629X9oviptrQj0IFRk9YGcb+lB7Kv5x8S17oOSk1wUWgjQZ4xVJEMbKwOAODymocgA==",
      "dependencies": {
        "@tanstack/devtools-event-client": "^0.4.1",
        "@tanstack/pacer-lite": "^0.1.1",
        "@tanstack/store": "^0.11.0"
      },
      "funding": {
        "type": "github",
        "url": "https://github.com/sponsors/tannerlinsley"
      }
    },
    "node_modules/@tanstack/pacer-lite": {
      "version": "0.1.1",
      "resolved": "https://registry.npmjs.org/@tanstack/pacer-lite/-/pacer-lite-0.1.1.tgz",
      "integrity": "sha512-y/xtNPNt/YeyoVxE/JCx+T7yjEzpezmbb+toK8DDD1P4m7Kzs5YR956+7OKexG3f8aXgC3rLZl7b1V+yNUSy5w==",
      "engines": {
        "node": ">=18"
      },
      "funding": {
        "type": "github",
        "url": "https://github.com/sponsors/tannerlinsley"
      }
    },
    "node_modules/@tanstack/store": {
      "version": "0.11.1",
      "resolved": "https://registry.npmjs.org/@tanstack/store/-/store-0.11.1.tgz",
      "integrity": "sha512-mzTOBhypOuDJAy/D8n2MfUZ1HFkXnmSETviRyhqEC8LUE7/IZQExOTxMANj3KjTofYTkFNpBY67qaVrT41YccA==",
      "funding": {
        "type": "github",
        "url": "https://github.com/sponsors/tannerlinsley"
      }
    }
  }
}
